
Microsoft Visual Studio Solution File, Format Version 12.00
# Visual Studio Version 17
VisualStudioVersion = 17.1.32210.238
MinimumVisualStudioVersion = 10.0.40219.1
Project("{2150E333-8FDC-42A3-9474-1A3956D46DE8}") = "src", "src", "{39C878B4-0BE1-4365-B215-3449AE9DD294}"
EndProject
Project("{2150E333-8FDC-42A3-9474-1A3956D46DE8}") = "tests", "tests", "{7C9D3D5E-7255-4481-B5A9-4687D078A9E8}"
EndProject
Project("{9A19103F-16F7-4668-BE54-9A1E7A4F7556}") = "MassTransitKafka.EventBus", "src\MassTransitKafka.EventBus\MassTransitKafka.EventBus.csproj", "{A145CD02-F511-4BF0-A309-9CEEE7BEC40F}"
EndProject
Project("{2150E333-8FDC-42A3-9474-1A3956D46DE8}") = "Api", "Api", "{A09BF44A-34E1-4719-B929-755602FBC628}"
EndProject
Project("{FAE04EC0-301F-11D3-BF4B-00C04F79EFBC}") = "MassTransitKafka.Host", "src\MassTransitKafka.Host\MassTransitKafka.Host.csproj", "{DD949093-C532-4569-8E59-05F4B03B2E07}"
EndProject
Project("{FAE04EC0-301F-11D3-BF4B-00C04F79EFBC}") = "MassTransitKafka.Api", "src\MassTransitKafka.Api\MassTransitKafka.Api.csproj", "{C37BEFD0-705E-424D-9FBC-144081C2F39E}"
EndProject
Project("{2150E333-8FDC-42A3-9474-1A3956D46DE8}") = "Domain", "Domain", "{1F84E7AE-6B0E-4E44-9FCE-17F173F1920A}"
EndProject
Project("{FAE04EC0-301F-11D3-BF4B-00C04F79EFBC}") = "MassTransitKafka.DomainEvent", "src\MassTransitKafka.DomainEvent\MassTransitKafka.DomainEvent.csproj", "{9D631EE1-04D1-4DAC-BF55-4331DE57C72E}"
EndProject
Project("{2150E333-8FDC-42A3-9474-1A3956D46DE8}") = "Bus", "Bus", "{6EE5737F-3F10-4419-94FC-622B031F7876}"
EndProject
Project("{FAE04EC0-301F-11D3-BF4B-00C04F79EFBC}") = "MassTransitKafka.Bus.Consumer", "src\MassTransitKafka.Bus.Consumer\MassTransitKafka.Bus.Consumer.csproj", "{9E2518C8-8AD6-4E5E-9C06-E35867BF15EF}"
EndProject
Global
	GlobalSection(SolutionConfigurationPlatforms) = preSolution
		Debug|Any CPU = Debug|Any CPU
		Release|Any CPU = Release|Any CPU
	EndGlobalSection
	GlobalSection(ProjectConfigurationPlatforms) = postSolution
		{A145CD02-F511-4BF0-A309-9CEEE7BEC40F}.Debug|Any CPU.ActiveCfg = Debug|Any CPU
		{A145CD02-F511-4BF0-A309-9CEEE7BEC40F}.Debug|Any CPU.Build.0 = Debug|Any CPU
		{A145CD02-F511-4BF0-A309-9CEEE7BEC40F}.Release|Any CPU.ActiveCfg = Release|Any CPU
		{A145CD02-F511-4BF0-A309-9CEEE7BEC40F}.Release|Any CPU.Build.0 = Release|Any CPU
		{DD949093-C532-4569-8E59-05F4B03B2E07}.Debug|Any CPU.ActiveCfg = Debug|Any CPU
		{DD949093-C532-4569-8E59-05F4B03B2E07}.Debug|Any CPU.Build.0 = Debug|Any CPU
		{DD949093-C532-4569-8E59-05F4B03B2E07}.Release|Any CPU.ActiveCfg = Release|Any CPU
		{DD949093-C532-4569-8E59-05F4B03B2E07}.Release|Any CPU.Build.0 = Release|Any CPU
		{C37BEFD0-705E-424D-9FBC-144081C2F39E}.Debug|Any CPU.ActiveCfg = Debug|Any CPU
		{C37BEFD0-705E-424D-9FBC-144081C2F39E}.Debug|Any CPU.Build.0 = Debug|Any CPU
		{C37BEFD0-705E-424D-9FBC-144081C2F39E}.Release|Any CPU.ActiveCfg = Release|Any CPU
		{C37BEFD0-705E-424D-9FBC-144081C2F39E}.Release|Any CPU.Build.0 = Release|Any CPU
		{9D631EE1-04D1-4DAC-BF55-4331DE57C72E}.Debug|Any CPU.ActiveCfg = Debug|Any CPU
		{9D631EE1-04D1-4DAC-BF55-4331DE57C72E}.Debug|Any CPU.Build.0 = Debug|Any CPU
		{9D631EE1-04D1-4DAC-BF55-4331DE57C72E}.Release|Any CPU.ActiveCfg = Release|Any CPU
		{9D631EE1-04D1-4DAC-BF55-4331DE57C72E}.Release|Any CPU.Build.0 = Release|Any CPU
		{9E2518C8-8AD6-4E5E-9C06-E35867BF15EF}.Debug|Any CPU.ActiveCfg = Debug|Any CPU
		{9E2518C8-8AD6-4E5E-9C06-E35867BF15EF}.Debug|Any CPU.Build.0 = Debug|Any CPU
		{9E2518C8-8AD6-4E5E-9C06-E35867BF15EF}.Release|Any CPU.ActiveCfg = Release|Any CPU
		{9E2518C8-8AD6-4E5E-9C06-E35867BF15EF}.Release|Any CPU.Build.0 = Release|Any CPU
	EndGlobalSection
	GlobalSection(SolutionProperties) = preSolution
		HideSolutionNode = FALSE
	EndGlobalSection
	GlobalSection(NestedProjects) = preSolution
		{A145CD02-F511-4BF0-A309-9CEEE7BEC40F} = {6EE5737F-3F10-4419-94FC-622B031F7876}
		{A09BF44A-34E1-4719-B929-755602FBC628} = {39C878B4-0BE1-4365-B215-3449AE9DD294}
		{DD949093-C532-4569-8E59-05F4B03B2E07} = {39C878B4-0BE1-4365-B215-3449AE9DD294}
		{C37BEFD0-705E-424D-9FBC-144081C2F39E} = {A09BF44A-34E1-4719-B929-755602FBC628}
		{1F84E7AE-6B0E-4E44-9FCE-17F173F1920A} = {39C878B4-0BE1-4365-B215-3449AE9DD294}
		{9D631EE1-04D1-4DAC-BF55-4331DE57C72E} = {1F84E7AE-6B0E-4E44-9FCE-17F173F1920A}
		{6EE5737F-3F10-4419-94FC-622B031F7876} = {39C878B4-0BE1-4365-B215-3449AE9DD294}
		{9E2518C8-8AD6-4E5E-9C06-E35867BF15EF} = {6EE5737F-3F10-4419-94FC-622B031F7876}
	EndGlobalSection
	GlobalSection(ExtensibilityGlobals) = postSolution
		SolutionGuid = {88615557-7313-4985-8142-A37A80DAA2C0}
	EndGlobalSection
EndGlobal
